Microsoft Visual Studio Solution File, Format Version 11.00
# Visual Studio 2008

Project("{91F0A619-17CB-5AB5-7E49-479143E8CE4B}") = "UserInterface2D", "Assembly-CSharp.csproj", "{654F511C-58AE-3EDF-06D7-F49ABF217922}"
EndProject
Project("{91F0A619-17CB-5AB5-7E49-479143E8CE4B}") = "UserInterface2D", "Assembly-CSharp-Editor.csproj", "{12CD99AB-DEBA-E196-3CD7-54F573ED4C90}"
EndProject
Global
	GlobalSection(SolutionConfigurationPlatforms) = preSolution
		Debug|Any CPU = Debug|Any CPU
		Release|Any CPU = Release|Any CPU
	EndGlobalSection
	GlobalSection(ProjectConfigurationPlatforms) = postSolution
		{654F511C-58AE-3EDF-06D7-F49ABF217922}.Debug|Any CPU.ActiveCfg = Debug|Any CPU
		{654F511C-58AE-3EDF-06D7-F49ABF217922}.Debug|Any CPU.Build.0 = Debug|Any CPU
		{654F511C-58AE-3EDF-06D7-F49ABF217922}.Release|Any CPU.ActiveCfg = Release|Any CPU
		{654F511C-58AE-3EDF-06D7-F49ABF217922}.Release|Any CPU.Build.0 = Release|Any CPU
		{12CD99AB-DEBA-E196-3CD7-54F573ED4C90}.Debug|Any CPU.ActiveCfg = Debug|Any CPU
		{12CD99AB-DEBA-E196-3CD7-54F573ED4C90}.Debug|Any CPU.Build.0 = Debug|Any CPU
		{12CD99AB-DEBA-E196-3CD7-54F573ED4C90}.Release|Any CPU.ActiveCfg = Release|Any CPU
		{12CD99AB-DEBA-E196-3CD7-54F573ED4C90}.Release|Any CPU.Build.0 = Release|Any CPU
	EndGlobalSection
	GlobalSection(SolutionProperties) = preSolution
		HideSolutionNode = FALSE
	EndGlobalSection
	GlobalSection(MonoDevelopProperties) = preSolution
		StartupItem = Assembly-CSharp.csproj
	EndGlobalSection
EndGlobal
