
Microsoft Visual Studio Solution File, Format Version 12.00
# Visual Studio 2015
Project("{FAE04EC0-301F-11D3-BF4B-00C04F79EFBC}") = "UserInterface2D", "UserInterface2D.csproj", "{6EDA6331-33D3-6D50-40F0-EA7F56075ECC}"
EndProject
Project("{FAE04EC0-301F-11D3-BF4B-00C04F79EFBC}") = "UserInterface2D.Editor", "UserInterface2D.Editor.csproj", "{4CCCB387-64C6-747E-3301-705EE7356D80}"
EndProject
Global
	GlobalSection(SolutionConfigurationPlatforms) = preSolution
		Debug|Any CPU = Debug|Any CPU
		Release|Any CPU = Release|Any CPU
	EndGlobalSection
	GlobalSection(ProjectConfigurationPlatforms) = postSolution
		{6EDA6331-33D3-6D50-40F0-EA7F56075ECC}.Debug|Any CPU.ActiveCfg = Debug|Any CPU
		{6EDA6331-33D3-6D50-40F0-EA7F56075ECC}.Debug|Any CPU.Build.0 = Debug|Any CPU
		{6EDA6331-33D3-6D50-40F0-EA7F56075ECC}.Release|Any CPU.ActiveCfg = Release|Any CPU
		{6EDA6331-33D3-6D50-40F0-EA7F56075ECC}.Release|Any CPU.Build.0 = Release|Any CPU
		{4CCCB387-64C6-747E-3301-705EE7356D80}.Debug|Any CPU.ActiveCfg = Debug|Any CPU
		{4CCCB387-64C6-747E-3301-705EE7356D80}.Debug|Any CPU.Build.0 = Debug|Any CPU
		{4CCCB387-64C6-747E-3301-705EE7356D80}.Release|Any CPU.ActiveCfg = Release|Any CPU
		{4CCCB387-64C6-747E-3301-705EE7356D80}.Release|Any CPU.Build.0 = Release|Any CPU
	EndGlobalSection
	GlobalSection(SolutionProperties) = preSolution
		HideSolutionNode = FALSE
	EndGlobalSection
EndGlobal
